
Microsoft Visual Studio Solution File, Format Version 12.00
# Visual Studio 2015
Project("{FAE04EC0-301F-11D3-BF4B-00C04F79EFBC}") = "1look.CSharp.Plugins", "1look.CSharp.Plugins.csproj", "{AC449951-25C7-F972-7074-7B014C3DBA03}"
EndProject
Project("{FAE04EC0-301F-11D3-BF4B-00C04F79EFBC}") = "1look.CSharp", "1look.CSharp.csproj", "{E74E0268-F052-2944-5EB8-4D8876260852}"
EndProject
Global
	GlobalSection(SolutionConfigurationPlatforms) = preSolution
		Debug|Any CPU = Debug|Any CPU
		Release|Any CPU = Release|Any CPU
	EndGlobalSection
	GlobalSection(ProjectConfigurationPlatforms) = postSolution
		{AC449951-25C7-F972-7074-7B014C3DBA03}.Debug|Any CPU.ActiveCfg = Debug|Any CPU
		{AC449951-25C7-F972-7074-7B014C3DBA03}.Debug|Any CPU.Build.0 = Debug|Any CPU
		{AC449951-25C7-F972-7074-7B014C3DBA03}.Release|Any CPU.ActiveCfg = Release|Any CPU
		{AC449951-25C7-F972-7074-7B014C3DBA03}.Release|Any CPU.Build.0 = Release|Any CPU
		{E74E0268-F052-2944-5EB8-4D8876260852}.Debug|Any CPU.ActiveCfg = Debug|Any CPU
		{E74E0268-F052-2944-5EB8-4D8876260852}.Debug|Any CPU.Build.0 = Debug|Any CPU
		{E74E0268-F052-2944-5EB8-4D8876260852}.Release|Any CPU.ActiveCfg = Release|Any CPU
		{E74E0268-F052-2944-5EB8-4D8876260852}.Release|Any CPU.Build.0 = Release|Any CPU
	EndGlobalSection
	GlobalSection(SolutionProperties) = preSolution
		HideSolutionNode = FALSE
	EndGlobalSection
EndGlobal
